
Microsoft Visual Studio Solution File, Format Version 12.00
# Visual Studio Version 16
VisualStudioVersion = 16.0.31729.503
MinimumVisualStudioVersion = 10.0.40219.1
Project("{FAE04EC0-301F-11D3-BF4B-00C04F79EFBC}") = "DevCard_MVC", "..\..\..\..\..\Develop\DevCard\DevCard_MVC\DevCard_MVC.csproj", "{37B8A2F5-2154-4C95-8EBD-878320DAF1BD}"
EndProject
Global
	GlobalSection(SolutionConfigurationPlatforms) = preSolution
		Debug|Any CPU = Debug|Any CPU
		Release|Any CPU = Release|Any CPU
	EndGlobalSection
	GlobalSection(ProjectConfigurationPlatforms) = postSolution
		{37B8A2F5-2154-4C95-8EBD-878320DAF1BD}.Debug|Any CPU.ActiveCfg = Debug|Any CPU
		{37B8A2F5-2154-4C95-8EBD-878320DAF1BD}.Debug|Any CPU.Build.0 = Debug|Any CPU
		{37B8A2F5-2154-4C95-8EBD-878320DAF1BD}.Release|Any CPU.ActiveCfg = Release|Any CPU
		{37B8A2F5-2154-4C95-8EBD-878320DAF1BD}.Release|Any CPU.Build.0 = Release|Any CPU
	EndGlobalSection
	GlobalSection(SolutionProperties) = preSolution
		HideSolutionNode = FALSE
	EndGlobalSection
	GlobalSection(ExtensibilityGlobals) = postSolution
		SolutionGuid = {C537BA9D-915D-4EE2-9BC2-7E46CF6C98AE}
	EndGlobalSection
EndGlobal
